PODS:
  - desktop_drop (0.0.1):
    - FlutterMacOS
  - file_picker (0.0.1):
    - FlutterMacOS
  - FlutterMacOS (1.0.0)
  - package_info_plus (0.0.1):
    - FlutterMacOS
  - screen_retriever (0.0.1):
    - FlutterMacOS
  - window_manager (0.2.0):
    - FlutterMacOS

DEPENDENCIES:
  - desktop_drop (from `Flutter/ephemeral/.symlinks/plugins/desktop_drop/macos`)
  - file_picker (from `Flutter/ephemeral/.symlinks/plugins/file_picker/macos`)
  - FlutterMacOS (from `Flutter/ephemeral`)
  - package_info_plus (from `Flutter/ephemeral/.symlinks/plugins/package_info_plus/macos`)
  - screen_retriever (from `Flutter/ephemeral/.symlinks/plugins/screen_retriever/macos`)
  - window_manager (from `Flutter/ephemeral/.symlinks/plugins/window_manager/macos`)

EXTERNAL SOURCES:
  desktop_drop:
    :path: Flutter/ephemeral/.symlinks/plugins/desktop_drop/macos
  file_picker:
    :path: Flutter/ephemeral/.symlinks/plugins/file_picker/macos
  FlutterMacOS:
    :path: Flutter/ephemeral
  package_info_plus:
    :path: Flutter/ephemeral/.symlinks/plugins/package_info_plus/macos
  screen_retriever:
    :path: Flutter/ephemeral/.symlinks/plugins/screen_retriever/macos
  window_manager:
    :path: Flutter/ephemeral/.symlinks/plugins/window_manager/macos

SPEC CHECKSUMS:
  desktop_drop: 69eeff437544aa619c8db7f4481b3a65f7696898
  file_picker: e716a70a9fe5fd9e09ebc922d7541464289443af
  FlutterMacOS: d0db08ddef1a9af05a5ec4b724367152bb0500b1
  package_info_plus: 12f1c5c2cfe8727ca46cbd0b26677728972d9a5b
  screen_retriever: 59634572a57080243dd1bf715e55b6c54f241a38
  window_manager: 3a1844359a6295ab1e47659b1a777e36773cd6e8

PODFILE CHECKSUM: 0d3963a09fc94f580682bd88480486da345dc3f0

COCOAPODS: 1.16.2
